PODS:
  - Flutter (1.0.0)
  - flutter_printer (0.0.1):
    - Flutter

DEPENDENCIES:
  - Flutter (from `Flutter`)
  - flutter_printer (from `.symlinks/plugins/flutter_printer/ios`)

EXTERNAL SOURCES:
  Flutter:
    :path: Flutter
  flutter_printer:
    :path: ".symlinks/plugins/flutter_printer/ios"

SPEC CHECKSUMS:
  Flutter: 0e3d915762c693b495b44d77113d4970485de6ec
  flutter_printer: b250fe52b2f4ec9801920765ecaeeb9f96d3b5e7

PODFILE CHECKSUM: 1b66dae606f75376c5f2135a8290850eeb09ae83

COCOAPODS: 1.9.1
